lockfileVersion: '9.0'

settings:
  autoInstallPeers: true
  excludeLinksFromLockfile: false

importers:

  .:
    dependencies:
      monto-email-block-button:
        specifier: 0.0.4
        version: 0.0.4(react@18.3.1)(zod@3.25.76)
      monto-email-block-columns-container:
        specifier: 0.0.2
        version: 0.0.2(react@18.3.1)(zod@3.25.76)
      monto-email-block-container:
        specifier: 0.0.2
        version: 0.0.2(react@18.3.1)(zod@3.25.76)
      monto-email-block-divider:
        specifier: 0.0.1
        version: 0.0.1(react@18.3.1)(zod@3.25.76)
      monto-email-block-heading:
        specifier: 0.0.2
        version: 0.0.2(react@18.3.1)(zod@3.25.76)
      monto-email-block-html:
        specifier: 0.0.1
        version: 0.0.1(react@18.3.1)(zod@3.25.76)
      monto-email-block-image:
        specifier: 0.0.1
        version: 0.0.1(react@18.3.1)(zod@3.25.76)
      monto-email-block-socials:
        specifier: 0.0.8
        version: 0.0.8(react@18.3.1)(zod@3.25.76)
      monto-email-block-spacer:
        specifier: 0.0.1
        version: 0.0.1(react@18.3.1)(zod@3.25.76)
      monto-email-block-text:
        specifier: 0.0.6
        version: 0.0.6(react@18.3.1)(zod@3.25.76)
      monto-email-block-video:
        specifier: 0.0.1
        version: 0.0.1(react@18.3.1)(zod@3.25.76)
      monto-email-document-core:
        specifier: 0.0.1
        version: 0.0.1(react@18.3.1)(zod@3.25.76)
    devDependencies:
      '@types/react':
        specifier: ^16 || ^17 || ^18
        version: 18.3.28
      '@types/react-dom':
        specifier: ^18.3.7
        version: 18.3.7(@types/react@18.3.28)
      react:
        specifier: ^16 || ^17 || ^18
        version: 18.3.1
      react-dom:
        specifier: ^16 || ^17 || ^18
        version: 18.3.1(react@18.3.1)
      typescript:
        specifier: ^5.0.0
        version: 5.9.3
      zod:
        specifier: ^1 || ^2 || ^3
        version: 3.25.76

packages:

  '@types/prop-types@15.7.15':
    resolution: {integrity: sha512-F6bEyamV9jKGAFBEmlQnesRPGOQqS2+Uwi0Em15xenOxHaf2hv6L8YCVn3rPdPJOiJfPiCnLIRyvwVaqMY3MIw==}

  '@types/react-dom@18.3.7':
    resolution: {integrity: sha512-MEe3UeoENYVFXzoXEWsvcpg6ZvlrFNlOQ7EOsvhI3CfAXwzPfO8Qwuxd40nepsYKqyyVQnTdEfv68q91yLcKrQ==}
    peerDependencies:
      '@types/react': ^18.0.0

  '@types/react@18.3.28':
    resolution: {integrity: sha512-z9VXpC7MWrhfWipitjNdgCauoMLRdIILQsAEV+ZesIzBq/oUlxk0m3ApZuMFCXdnS4U7KrI+l3WRUEGQ8K1QKw==}

  assignment@2.0.0:
    resolution: {integrity: sha512-naMULXjtgCs9SVUEtyvJNt68aF18em7/W+dhbR59kbz9cXWPEvUkCun2tqlgqRPSqZaKPpqLc5ZnwL8jVmJRvw==}

  csstype@3.2.3:
    resolution: {integrity: sha512-z1HGKcYy2xA8AGQfwrn0PAy+PB7X/GSj3UVJW9qKyn43xWa+gl5nXmU4qqLMRzWVLFC8KusUX8T/0kCiOYpAIQ==}

  he@0.5.0:
    resolution: {integrity: sha512-DoufbNNOFzwRPy8uecq+j+VCPQ+JyDelHTmSgygrA5TsR8Cbw4Qcir5sGtWiusB4BdT89nmlaVDhSJOqC/33vw==}
    hasBin: true

  insane@2.6.2:
    resolution: {integrity: sha512-BqEL1CJsjJi+/C/zKZxv31zs3r6zkLH5Nz1WMFb7UBX2KHY2yXDpbFTSEmNHzomBbGDysIfkTX55A0mQZ2CQiw==}

  js-tokens@4.0.0:
    resolution: {integrity: sha512-RdJUflcE3cUzKiMqQgsCu06FPu9UdIJO0beYbPhHN4k6apgJtifcoCtT9bcxOpYBtpD2kCM6Sbzg4CausW/PKQ==}

  loose-envify@1.4.0:
    resolution: {integrity: sha512-lyuxPGr/Wfhrlem2CL/UcnUc1zcqKAImBDzukY7Y5F/yQiNdko6+fRLevlw1HgMySw7f611UIY408EtxRSoK3Q==}
    hasBin: true

  marked@12.0.2:
    resolution: {integrity: sha512-qXUm7e/YKFoqFPYPa3Ukg9xlI5cyAtGmyEIzMfW//m6kXwCy2Ps9DYf5ioijFKQ8qyuscrHoY04iJGctu2Kg0Q==}
    engines: {node: '>= 18'}
    hasBin: true

  monto-email-block-button@0.0.4:
    resolution: {integrity: sha512-9j8sOY8JsSfInlm5Pl4KSttPPrlfVlYhpuSeAIKl45nR3dUFhMOHB9YvfzFebwJJvumb7p02DAONb8CVsoxmdw==}
    peerDependencies:
      react: ^16 || ^17 || ^18
      zod: ^1 || ^2 || ^3

  monto-email-block-columns-container@0.0.2:
    resolution: {integrity: sha512-PFo8WEVfeT+63pHHbfm7HUTRxBGIM1Fmg9oKQMbY8l0lk3i/RIu29jzzBd1pbl1tSQlKovCdb/bzacG3q118tw==}
    peerDependencies:
      react: ^16 || ^17 || ^18
      zod: ^1 || ^2 || ^3

  monto-email-block-container@0.0.2:
    resolution: {integrity: sha512-U9slGw6kw4MySfHrKF2uCbinhVZ+RjbvYKRICYUZmSMLMAu022hSEgfVK95zZA9sjM/Cv34rkFOJKQi+FInWsg==}
    peerDependencies:
      react: ^16 || ^17 || ^18
      zod: ^1 || ^2 || ^3

  monto-email-block-divider@0.0.1:
    resolution: {integrity: sha512-GOkTdHaY3n65qJyk5fUMbbWCe2uYLYqKiT5E1PTqLM83/X6ODrv4pL66iXVvA1Hw+00IzsMCfkm8BO13Zd9YRQ==}
    peerDependencies:
      react: ^16 || ^17 || ^18
      zod: ^1 || ^2 || ^3

  monto-email-block-heading@0.0.2:
    resolution: {integrity: sha512-D5xK66+ShTC7crtec3s202Cx/fKPjnML5quH/fNt9K0vd5xIzHxlj5YoujAfWpHqq6R4xFNXsB2uAIq8VvlOUw==}
    peerDependencies:
      react: ^16 || ^17 || ^18
      zod: ^1 || ^2 || ^3

  monto-email-block-html@0.0.1:
    resolution: {integrity: sha512-/Ph9IunR5v2JUNnkw3aEIS9VbbPV1DxC1txb76iIlBR/sYMztzIbGBpRdrKyGe6V6h+YqvsGGyDoP0GhNEpMng==}
    peerDependencies:
      react: ^16 || ^17 || ^18
      zod: ^1 || ^2 || ^3

  monto-email-block-image@0.0.1:
    resolution: {integrity: sha512-5Ov3hqh90OfvtrCWvi67LqKvxI6x7vVG2Smj0pgUObowug3I9llQAcoBC5/CcG/g0A5mCILB3K6O2OmZQwoJsQ==}
    peerDependencies:
      react: ^16 || ^17 || ^18
      zod: ^1 || ^2 || ^3

  monto-email-block-socials@0.0.8:
    resolution: {integrity: sha512-2WeZVzNE3T8Sr7KuzA3lCPaNmuyz1cxtxcKnlqY25SqjoqTcEjr+dgE9uwljiLAW8a15BG7o61KfELZjvdlONQ==}
    peerDependencies:
      react: ^16 || ^17 || ^18
      zod: ^1 || ^2 || ^3

  monto-email-block-spacer@0.0.1:
    resolution: {integrity: sha512-df94AB7a0I/G9eWAqKT/41u6gqe2iSiOgu/2mhIid4MS/pQCZfi7maeLBogTg5OBw21JvXSoPc/1z7lQN6mb8Q==}
    peerDependencies:
      react: ^16 || ^17 || ^18
      zod: ^1 || ^2 || ^3

  monto-email-block-text@0.0.6:
    resolution: {integrity: sha512-uH+NjNLh7SUdki+dVZOFEVReoz9g+UDuPbhtDQA4+fsgIrP0k+MDbpDzY5zQEOUiFzw522jO8l4irxDiVMRyMw==}
    peerDependencies:
      react: ^16 || ^17 || ^18
      zod: ^1 || ^2 || ^3

  monto-email-block-video@0.0.1:
    resolution: {integrity: sha512-8HEe3PT5WlKNZYPSWh67qpXKEeNWChCOdwv1jIUiKDNiMRslVtf41dyqpJOzNWmn55CyZzog4/6xu68h34H5Ig==}
    peerDependencies:
      react: ^16 || ^17 || ^18
      zod: ^1 || ^2 || ^3

  monto-email-document-core@0.0.1:
    resolution: {integrity: sha512-vZKK+n5bYpljmbxMpiPaaQKmWb6/sI6UBf3K+jlObAimQNmDAq4nmjEehvAcsauWMjrSxKKJBn210J6QIEP3rw==}
    peerDependencies:
      react: ^16 || ^17 || ^18
      zod: ^1 || ^2 || ^3

  react-dom@18.3.1:
    resolution: {integrity: sha512-5m4nQKp+rZRb09LNH59GM4BxTh9251/ylbKIbpe7TpGxfJ+9kv6BLkLBXIjjspbgbnIBNqlI23tRnTWT0snUIw==}
    peerDependencies:
      react: ^18.3.1

  react@18.3.1:
    resolution: {integrity: sha512-wS+hAgJShR0KhEvPJArfuPVN1+Hz1t0Y6n5jLrGQbkb4urgPE/0Rve+1kMB1v/oWgHgm4WIcV+i7F2pTVj+2iQ==}
    engines: {node: '>=0.10.0'}

  scheduler@0.23.2:
    resolution: {integrity: sha512-UOShsPwz7NrMUqhR6t0hWjFduvOzbtv7toDH1/hIrfRNIDBnnBWd0CwJTGvTpngVlmwGCdP9/Zl/tVrDqcuYzQ==}

  typescript@5.9.3:
    resolution: {integrity: sha512-jl1vZzPDinLr9eUt3J/t7V6FgNEw9QjvBPdysz9KfQDD41fQrC2Y4vKQdiaUpFT4bXlb1RHhLpp8wtm6M5TgSw==}
    engines: {node: '>=14.17'}
    hasBin: true

  zod@3.25.76:
    resolution: {integrity: sha512-gzUt/qt81nXsFGKIFcC3YnfEAx5NkunCfnDlvuBSSFS02bcXu4Lmea0AFIUwbLWxWPx3d9p8S5QoaujKcNQxcQ==}

snapshots:

  '@types/prop-types@15.7.15': {}

  '@types/react-dom@18.3.7(@types/react@18.3.28)':
    dependencies:
      '@types/react': 18.3.28

  '@types/react@18.3.28':
    dependencies:
      '@types/prop-types': 15.7.15
      csstype: 3.2.3

  assignment@2.0.0: {}

  csstype@3.2.3: {}

  he@0.5.0: {}

  insane@2.6.2:
    dependencies:
      assignment: 2.0.0
      he: 0.5.0

  js-tokens@4.0.0: {}

  loose-envify@1.4.0:
    dependencies:
      js-tokens: 4.0.0

  marked@12.0.2: {}

  monto-email-block-button@0.0.4(react@18.3.1)(zod@3.25.76):
    dependencies:
      react: 18.3.1
      zod: 3.25.76

  monto-email-block-columns-container@0.0.2(react@18.3.1)(zod@3.25.76):
    dependencies:
      react: 18.3.1
      zod: 3.25.76

  monto-email-block-container@0.0.2(react@18.3.1)(zod@3.25.76):
    dependencies:
      react: 18.3.1
      zod: 3.25.76

  monto-email-block-divider@0.0.1(react@18.3.1)(zod@3.25.76):
    dependencies:
      react: 18.3.1
      zod: 3.25.76

  monto-email-block-heading@0.0.2(react@18.3.1)(zod@3.25.76):
    dependencies:
      react: 18.3.1
      zod: 3.25.76

  monto-email-block-html@0.0.1(react@18.3.1)(zod@3.25.76):
    dependencies:
      react: 18.3.1
      zod: 3.25.76

  monto-email-block-image@0.0.1(react@18.3.1)(zod@3.25.76):
    dependencies:
      react: 18.3.1
      zod: 3.25.76

  monto-email-block-socials@0.0.8(react@18.3.1)(zod@3.25.76):
    dependencies:
      react: 18.3.1
      zod: 3.25.76

  monto-email-block-spacer@0.0.1(react@18.3.1)(zod@3.25.76):
    dependencies:
      react: 18.3.1
      zod: 3.25.76

  monto-email-block-text@0.0.6(react@18.3.1)(zod@3.25.76):
    dependencies:
      insane: 2.6.2
      marked: 12.0.2
      react: 18.3.1
      zod: 3.25.76

  monto-email-block-video@0.0.1(react@18.3.1)(zod@3.25.76):
    dependencies:
      react: 18.3.1
      zod: 3.25.76

  monto-email-document-core@0.0.1(react@18.3.1)(zod@3.25.76):
    dependencies:
      react: 18.3.1
      zod: 3.25.76

  react-dom@18.3.1(react@18.3.1):
    dependencies:
      loose-envify: 1.4.0
      react: 18.3.1
      scheduler: 0.23.2

  react@18.3.1:
    dependencies:
      loose-envify: 1.4.0

  scheduler@0.23.2:
    dependencies:
      loose-envify: 1.4.0

  typescript@5.9.3: {}

  zod@3.25.76: {}
